
Microsoft Visual Studio Solution File, Format Version 12.00
# Visual Studio Version 17
VisualStudioVersion = 17.8.34330.188
MinimumVisualStudioVersion = 10.0.40219.1
Project("{2150E333-8FDC-42A3-9474-1A3956D46DE8}") = "Solution Items", "Solution Items", "{320188AF-96F3-4E9C-B848-88BA08AC81D1}"
	ProjectSection(SolutionItems) = preProject
		.editorconfig = .editorconfig
		.gitignore = .gitignore
		Directory.Build.props = Directory.Build.props
		Directory.Packages.props = Directory.Packages.props
		README.md = README.md
		vm2signKey.snk = vm2signKey.snk
	EndProjectSection
EndProject
Project("{2150E333-8FDC-42A3-9474-1A3956D46DE8}") = "src", "src", "{F30527A7-B9DB-4787-B482-AF812B0604B3}"
EndProject
Project("{2150E333-8FDC-42A3-9474-1A3956D46DE8}") = "test", "test", "{7DA8C164-08F9-412B-B1E5-A0847344F21F}"
EndProject
Project("{9A19103F-16F7-4668-BE54-9A1E7A4F7556}") = "RegexLibTests", "test\RegexLibTests\RegexLibTests.csproj", "{2F77FB2F-02E8-4DDE-8F58-E2F8FFDF93A4}"
EndProject
Project("{9A19103F-16F7-4668-BE54-9A1E7A4F7556}") = "RegexLib", "src\RegexLib\RegexLib.csproj", "{302D6C94-7096-4C68-9CA8-35838A6E9F97}"
EndProject
Project("{9A19103F-16F7-4668-BE54-9A1E7A4F7556}") = "Threading", "src\Threading\Threading.csproj", "{0798E73B-20F0-41FF-BE70-8807D89AE4B9}"
EndProject
Project("{9A19103F-16F7-4668-BE54-9A1E7A4F7556}") = "ExpressionSerialization", "src\ExpressionSerialization\ExpressionSerialization.csproj", "{4D585E1E-73B7-4D5B-9CDD-2033BB732A84}"
EndProject
Project("{9A19103F-16F7-4668-BE54-9A1E7A4F7556}") = "TestUtilities", "test\TestUtilities\TestUtilities.csproj", "{3DFE9D50-3C11-422D-9878-C7EA1529CB8F}"
EndProject
Project("{9A19103F-16F7-4668-BE54-9A1E7A4F7556}") = "XmlTests", "test\ExpressionSerialization\XmlTests\XmlTests.csproj", "{D64650B7-64EF-48DE-A135-8A48BFE81242}"
EndProject
Project("{2150E333-8FDC-42A3-9474-1A3956D46DE8}") = "ExpressionSerialization", "ExpressionSerialization", "{4B7E7D5D-1059-4F44-8BA3-BC1CE69D0291}"
EndProject
Project("{9A19103F-16F7-4668-BE54-9A1E7A4F7556}") = "ExpressionDeepEquals", "src\ExpressionDeepEquals\ExpressionDeepEquals.csproj", "{E6B84EEA-3847-4517-971D-C0F315A160A1}"
EndProject
Project("{9A19103F-16F7-4668-BE54-9A1E7A4F7556}") = "ExpressionDeepEqualsTests", "test\ExpressionDeepEquals\ExpressionDeepEqualsTests.csproj", "{D364A040-6F62-47C7-8380-14A7FDDE0D67}"
EndProject
Project("{9A19103F-16F7-4668-BE54-9A1E7A4F7556}") = "JsonTests", "test\ExpressionSerialization\JsonTests\JsonTests.csproj", "{5E7184E0-A8E3-479A-9001-F595236C9E3A}"
EndProject
Project("{9A19103F-16F7-4668-BE54-9A1E7A4F7556}") = "TestsSharedData", "test\ExpressionSerialization\TestsSharedData\TestsSharedData.csproj", "{87E29BE3-DB22-4D63-B499-6F31F907701C}"
EndProject
Global
	GlobalSection(SolutionConfigurationPlatforms) = preSolution
		Debug|Any CPU = Debug|Any CPU
		Release|Any CPU = Release|Any CPU
	EndGlobalSection
	GlobalSection(ProjectConfigurationPlatforms) = postSolution
		{2F77FB2F-02E8-4DDE-8F58-E2F8FFDF93A4}.Debug|Any CPU.ActiveCfg = Debug|Any CPU
		{2F77FB2F-02E8-4DDE-8F58-E2F8FFDF93A4}.Debug|Any CPU.Build.0 = Debug|Any CPU
		{2F77FB2F-02E8-4DDE-8F58-E2F8FFDF93A4}.Release|Any CPU.ActiveCfg = Release|Any CPU
		{2F77FB2F-02E8-4DDE-8F58-E2F8FFDF93A4}.Release|Any CPU.Build.0 = Release|Any CPU
		{302D6C94-7096-4C68-9CA8-35838A6E9F97}.Debug|Any CPU.ActiveCfg = Debug|Any CPU
		{302D6C94-7096-4C68-9CA8-35838A6E9F97}.Debug|Any CPU.Build.0 = Debug|Any CPU
		{302D6C94-7096-4C68-9CA8-35838A6E9F97}.Release|Any CPU.ActiveCfg = Release|Any CPU
		{302D6C94-7096-4C68-9CA8-35838A6E9F97}.Release|Any CPU.Build.0 = Release|Any CPU
		{0798E73B-20F0-41FF-BE70-8807D89AE4B9}.Debug|Any CPU.ActiveCfg = Debug|Any CPU
		{0798E73B-20F0-41FF-BE70-8807D89AE4B9}.Debug|Any CPU.Build.0 = Debug|Any CPU
		{0798E73B-20F0-41FF-BE70-8807D89AE4B9}.Release|Any CPU.ActiveCfg = Release|Any CPU
		{0798E73B-20F0-41FF-BE70-8807D89AE4B9}.Release|Any CPU.Build.0 = Release|Any CPU
		{4D585E1E-73B7-4D5B-9CDD-2033BB732A84}.Debug|Any CPU.ActiveCfg = Debug|Any CPU
		{4D585E1E-73B7-4D5B-9CDD-2033BB732A84}.Debug|Any CPU.Build.0 = Debug|Any CPU
		{4D585E1E-73B7-4D5B-9CDD-2033BB732A84}.Release|Any CPU.ActiveCfg = Release|Any CPU
		{4D585E1E-73B7-4D5B-9CDD-2033BB732A84}.Release|Any CPU.Build.0 = Release|Any CPU
		{3DFE9D50-3C11-422D-9878-C7EA1529CB8F}.Debug|Any CPU.ActiveCfg = Debug|Any CPU
		{3DFE9D50-3C11-422D-9878-C7EA1529CB8F}.Debug|Any CPU.Build.0 = Debug|Any CPU
		{3DFE9D50-3C11-422D-9878-C7EA1529CB8F}.Release|Any CPU.ActiveCfg = Release|Any CPU
		{3DFE9D50-3C11-422D-9878-C7EA1529CB8F}.Release|Any CPU.Build.0 = Release|Any CPU
		{D64650B7-64EF-48DE-A135-8A48BFE81242}.Debug|Any CPU.ActiveCfg = Debug|Any CPU
		{D64650B7-64EF-48DE-A135-8A48BFE81242}.Debug|Any CPU.Build.0 = Debug|Any CPU
		{D64650B7-64EF-48DE-A135-8A48BFE81242}.Release|Any CPU.ActiveCfg = Release|Any CPU
		{D64650B7-64EF-48DE-A135-8A48BFE81242}.Release|Any CPU.Build.0 = Release|Any CPU
		{E6B84EEA-3847-4517-971D-C0F315A160A1}.Debug|Any CPU.ActiveCfg = Debug|Any CPU
		{E6B84EEA-3847-4517-971D-C0F315A160A1}.Debug|Any CPU.Build.0 = Debug|Any CPU
		{E6B84EEA-3847-4517-971D-C0F315A160A1}.Release|Any CPU.ActiveCfg = Release|Any CPU
		{E6B84EEA-3847-4517-971D-C0F315A160A1}.Release|Any CPU.Build.0 = Release|Any CPU
		{D364A040-6F62-47C7-8380-14A7FDDE0D67}.Debug|Any CPU.ActiveCfg = Debug|Any CPU
		{D364A040-6F62-47C7-8380-14A7FDDE0D67}.Debug|Any CPU.Build.0 = Debug|Any CPU
		{D364A040-6F62-47C7-8380-14A7FDDE0D67}.Release|Any CPU.ActiveCfg = Release|Any CPU
		{D364A040-6F62-47C7-8380-14A7FDDE0D67}.Release|Any CPU.Build.0 = Release|Any CPU
		{5E7184E0-A8E3-479A-9001-F595236C9E3A}.Debug|Any CPU.ActiveCfg = Debug|Any CPU
		{5E7184E0-A8E3-479A-9001-F595236C9E3A}.Debug|Any CPU.Build.0 = Debug|Any CPU
		{5E7184E0-A8E3-479A-9001-F595236C9E3A}.Release|Any CPU.ActiveCfg = Release|Any CPU
		{5E7184E0-A8E3-479A-9001-F595236C9E3A}.Release|Any CPU.Build.0 = Release|Any CPU
		{87E29BE3-DB22-4D63-B499-6F31F907701C}.Debug|Any CPU.ActiveCfg = Debug|Any CPU
		{87E29BE3-DB22-4D63-B499-6F31F907701C}.Debug|Any CPU.Build.0 = Debug|Any CPU
		{87E29BE3-DB22-4D63-B499-6F31F907701C}.Release|Any CPU.ActiveCfg = Release|Any CPU
		{87E29BE3-DB22-4D63-B499-6F31F907701C}.Release|Any CPU.Build.0 = Release|Any CPU
	EndGlobalSection
	GlobalSection(SolutionProperties) = preSolution
		HideSolutionNode = FALSE
	EndGlobalSection
	GlobalSection(NestedProjects) = preSolution
		{2F77FB2F-02E8-4DDE-8F58-E2F8FFDF93A4} = {7DA8C164-08F9-412B-B1E5-A0847344F21F}
		{302D6C94-7096-4C68-9CA8-35838A6E9F97} = {F30527A7-B9DB-4787-B482-AF812B0604B3}
		{0798E73B-20F0-41FF-BE70-8807D89AE4B9} = {F30527A7-B9DB-4787-B482-AF812B0604B3}
		{4D585E1E-73B7-4D5B-9CDD-2033BB732A84} = {F30527A7-B9DB-4787-B482-AF812B0604B3}
		{3DFE9D50-3C11-422D-9878-C7EA1529CB8F} = {7DA8C164-08F9-412B-B1E5-A0847344F21F}
		{D64650B7-64EF-48DE-A135-8A48BFE81242} = {4B7E7D5D-1059-4F44-8BA3-BC1CE69D0291}
		{4B7E7D5D-1059-4F44-8BA3-BC1CE69D0291} = {7DA8C164-08F9-412B-B1E5-A0847344F21F}
		{E6B84EEA-3847-4517-971D-C0F315A160A1} = {F30527A7-B9DB-4787-B482-AF812B0604B3}
		{D364A040-6F62-47C7-8380-14A7FDDE0D67} = {7DA8C164-08F9-412B-B1E5-A0847344F21F}
		{5E7184E0-A8E3-479A-9001-F595236C9E3A} = {4B7E7D5D-1059-4F44-8BA3-BC1CE69D0291}
		{87E29BE3-DB22-4D63-B499-6F31F907701C} = {4B7E7D5D-1059-4F44-8BA3-BC1CE69D0291}
	EndGlobalSection
	GlobalSection(ExtensibilityGlobals) = postSolution
		SolutionGuid = {F7029CAA-2730-43B0-B7F6-F2979FF338B5}
	EndGlobalSection
EndGlobal
